Microsoft Visual Studio Solution File, Format Version 12.00
# Visual Studio Version 17
VisualStudioVersion = 17.5.2.0
MinimumVisualStudioVersion = 10.0.40219.1
Project("{FAE04EC0-301F-11D3-BF4B-00C04F79EFBC}") = "SimplePos", "SimplePos.csproj", "{2F4FD460-E4FE-6973-2D45-0DA0199CC4A7}"
EndProject
Global
	GlobalSection(SolutionConfigurationPlatforms) = preSolution
		Debug|Any CPU = Debug|Any CPU
		Release|Any CPU = Release|Any CPU
	EndGlobalSection
	GlobalSection(ProjectConfigurationPlatforms) = postSolution
		{2F4FD460-E4FE-6973-2D45-0DA0199CC4A7}.Debug|Any CPU.ActiveCfg = Debug|Any CPU
		{2F4FD460-E4FE-6973-2D45-0DA0199CC4A7}.Debug|Any CPU.Build.0 = Debug|Any CPU
		{2F4FD460-E4FE-6973-2D45-0DA0199CC4A7}.Release|Any CPU.ActiveCfg = Release|Any CPU
		{2F4FD460-E4FE-6973-2D45-0DA0199CC4A7}.Release|Any CPU.Build.0 = Release|Any CPU
	EndGlobalSection
	GlobalSection(SolutionProperties) = preSolution
		HideSolutionNode = FALSE
	EndGlobalSection
	GlobalSection(ExtensibilityGlobals) = postSolution
		SolutionGuid = {69F33B7E-5826-45A8-9D2A-EBD3D21EC8FF}
	EndGlobalSection
EndGlobal
